
Microsoft Visual Studio Solution File, Format Version 12.00
# Visual Studio Version 17
VisualStudioVersion = 17.3.32929.385
MinimumVisualStudioVersion = 10.0.40219.1
Project("{9A19103F-16F7-4668-BE54-9A1E7A4F7556}") = "Q1U8BU_HFT_2022231.Client", "Q1U8BU_HFT_2022231.Client\Q1U8BU_HFT_2022231.Client.csproj", "{B41D6DE4-55BB-4E46-B413-A640A0D47CD2}"
EndProject
Project("{9A19103F-16F7-4668-BE54-9A1E7A4F7556}") = "Q1U8BU_HFT_2022231.Models", "Q1U8BU_HFT_2022231.Models\Q1U8BU_HFT_2022231.Models.csproj", "{833AF8BA-39C0-4629-BFDB-612042BF0AF7}"
EndProject
Project("{9A19103F-16F7-4668-BE54-9A1E7A4F7556}") = "Q1U8BU_HFT_2022231.Logic", "Q1U8BU_HFT_2022231.Logic\Q1U8BU_HFT_2022231.Logic.csproj", "{2ECA2CAB-B6D6-404D-82FD-95B427C185E4}"
EndProject
Project("{9A19103F-16F7-4668-BE54-9A1E7A4F7556}") = "Q1U8BU_HFT_2022231.Repository", "Q1U8BU_HFT_2022231.Repository\Q1U8BU_HFT_2022231.Repository.csproj", "{7B070D81-1124-4A91-AB23-E428A264C046}"
EndProject
Project("{9A19103F-16F7-4668-BE54-9A1E7A4F7556}") = "Q1U8BU_HFT_2022231.Test", "Q1U8BU_HFT_2022231.Test\Q1U8BU_HFT_2022231.Test.csproj", "{C67A00EF-02C6-4C82-9131-393BB387C366}"
EndProject
Project("{9A19103F-16F7-4668-BE54-9A1E7A4F7556}") = "Q1U8BU_HFT_2022231.Endpoint", "Q1U8BU_HFT_2022231.Endpoint\Q1U8BU_HFT_2022231.Endpoint.csproj", "{1C3EA534-5FC5-49F3-80DA-CB1BDFEFB837}"
EndProject
Project("{2150E333-8FDC-42A3-9474-1A3956D46DE8}") = "Backend", "Backend", "{A4137D6D-BD9E-4F0D-9654-652854960F16}"
EndProject
Project("{2150E333-8FDC-42A3-9474-1A3956D46DE8}") = "Shared", "Shared", "{AD1D4A41-4A2D-406B-B8CB-FCD6750B2468}"
EndProject
Project("{2150E333-8FDC-42A3-9474-1A3956D46DE8}") = "Frontend", "Frontend", "{FC16E0E4-FBB6-4B16-AA51-A818E62C41E2}"
EndProject
Project("{2150E333-8FDC-42A3-9474-1A3956D46DE8}") = "Others", "Others", "{09200AAF-EA8C-46BA-ABBC-355171C79B2E}"
	ProjectSection(SolutionItems) = preProject
		.gitignore = .gitignore
	EndProjectSection
EndProject
Global
	GlobalSection(SolutionConfigurationPlatforms) = preSolution
		Debug|Any CPU = Debug|Any CPU
		Release|Any CPU = Release|Any CPU
	EndGlobalSection
	GlobalSection(ProjectConfigurationPlatforms) = postSolution
		{B41D6DE4-55BB-4E46-B413-A640A0D47CD2}.Debug|Any CPU.ActiveCfg = Debug|Any CPU
		{B41D6DE4-55BB-4E46-B413-A640A0D47CD2}.Debug|Any CPU.Build.0 = Debug|Any CPU
		{B41D6DE4-55BB-4E46-B413-A640A0D47CD2}.Release|Any CPU.ActiveCfg = Release|Any CPU
		{B41D6DE4-55BB-4E46-B413-A640A0D47CD2}.Release|Any CPU.Build.0 = Release|Any CPU
		{833AF8BA-39C0-4629-BFDB-612042BF0AF7}.Debug|Any CPU.ActiveCfg = Debug|Any CPU
		{833AF8BA-39C0-4629-BFDB-612042BF0AF7}.Debug|Any CPU.Build.0 = Debug|Any CPU
		{833AF8BA-39C0-4629-BFDB-612042BF0AF7}.Release|Any CPU.ActiveCfg = Release|Any CPU
		{833AF8BA-39C0-4629-BFDB-612042BF0AF7}.Release|Any CPU.Build.0 = Release|Any CPU
		{2ECA2CAB-B6D6-404D-82FD-95B427C185E4}.Debug|Any CPU.ActiveCfg = Debug|Any CPU
		{2ECA2CAB-B6D6-404D-82FD-95B427C185E4}.Debug|Any CPU.Build.0 = Debug|Any CPU
		{2ECA2CAB-B6D6-404D-82FD-95B427C185E4}.Release|Any CPU.ActiveCfg = Release|Any CPU
		{2ECA2CAB-B6D6-404D-82FD-95B427C185E4}.Release|Any CPU.Build.0 = Release|Any CPU
		{7B070D81-1124-4A91-AB23-E428A264C046}.Debug|Any CPU.ActiveCfg = Debug|Any CPU
		{7B070D81-1124-4A91-AB23-E428A264C046}.Debug|Any CPU.Build.0 = Debug|Any CPU
		{7B070D81-1124-4A91-AB23-E428A264C046}.Release|Any CPU.ActiveCfg = Release|Any CPU
		{7B070D81-1124-4A91-AB23-E428A264C046}.Release|Any CPU.Build.0 = Release|Any CPU
		{C67A00EF-02C6-4C82-9131-393BB387C366}.Debug|Any CPU.ActiveCfg = Debug|Any CPU
		{C67A00EF-02C6-4C82-9131-393BB387C366}.Debug|Any CPU.Build.0 = Debug|Any CPU
		{C67A00EF-02C6-4C82-9131-393BB387C366}.Release|Any CPU.ActiveCfg = Release|Any CPU
		{C67A00EF-02C6-4C82-9131-393BB387C366}.Release|Any CPU.Build.0 = Release|Any CPU
		{1C3EA534-5FC5-49F3-80DA-CB1BDFEFB837}.Debug|Any CPU.ActiveCfg = Debug|Any CPU
		{1C3EA534-5FC5-49F3-80DA-CB1BDFEFB837}.Debug|Any CPU.Build.0 = Debug|Any CPU
		{1C3EA534-5FC5-49F3-80DA-CB1BDFEFB837}.Release|Any CPU.ActiveCfg = Release|Any CPU
		{1C3EA534-5FC5-49F3-80DA-CB1BDFEFB837}.Release|Any CPU.Build.0 = Release|Any CPU
	EndGlobalSection
	GlobalSection(SolutionProperties) = preSolution
		HideSolutionNode = FALSE
	EndGlobalSection
	GlobalSection(NestedProjects) = preSolution
		{B41D6DE4-55BB-4E46-B413-A640A0D47CD2} = {FC16E0E4-FBB6-4B16-AA51-A818E62C41E2}
		{833AF8BA-39C0-4629-BFDB-612042BF0AF7} = {AD1D4A41-4A2D-406B-B8CB-FCD6750B2468}
		{2ECA2CAB-B6D6-404D-82FD-95B427C185E4} = {A4137D6D-BD9E-4F0D-9654-652854960F16}
		{7B070D81-1124-4A91-AB23-E428A264C046} = {A4137D6D-BD9E-4F0D-9654-652854960F16}
		{C67A00EF-02C6-4C82-9131-393BB387C366} = {A4137D6D-BD9E-4F0D-9654-652854960F16}
		{1C3EA534-5FC5-49F3-80DA-CB1BDFEFB837} = {A4137D6D-BD9E-4F0D-9654-652854960F16}
	EndGlobalSection
	GlobalSection(ExtensibilityGlobals) = postSolution
		SolutionGuid = {5808473E-757E-4B3F-AA16-65F5794977DB}
	EndGlobalSection
EndGlobal
